
Microsoft Visual Studio Solution File, Format Version 12.00
# Visual Studio Version 17
VisualStudioVersion = 17.4.33122.133
MinimumVisualStudioVersion = 10.0.40219.1
Project("{9A19103F-16F7-4668-BE54-9A1E7A4F7556}") = "BankLibrary", "BankLibrary\BankLibrary.csproj", "{35CF29C9-EC8C-46D7-BF12-067C05A8D746}"
EndProject
Project("{9A19103F-16F7-4668-BE54-9A1E7A4F7556}") = "BankLibraryTests", "BankLibraryTests\BankLibraryTests.csproj", "{33018464-87A0-4EE1-A31E-EF90254E4862}"
	ProjectSection(ProjectDependencies) = postProject
		{35CF29C9-EC8C-46D7-BF12-067C05A8D746} = {35CF29C9-EC8C-46D7-BF12-067C05A8D746}
	EndProjectSection
EndProject
Global
	GlobalSection(SolutionConfigurationPlatforms) = preSolution
		Debug|Any CPU = Debug|Any CPU
		Release|Any CPU = Release|Any CPU
	EndGlobalSection
	GlobalSection(ProjectConfigurationPlatforms) = postSolution
		{35CF29C9-EC8C-46D7-BF12-067C05A8D746}.Debug|Any CPU.ActiveCfg = Debug|Any CPU
		{35CF29C9-EC8C-46D7-BF12-067C05A8D746}.Debug|Any CPU.Build.0 = Debug|Any CPU
		{35CF29C9-EC8C-46D7-BF12-067C05A8D746}.Release|Any CPU.ActiveCfg = Release|Any CPU
		{35CF29C9-EC8C-46D7-BF12-067C05A8D746}.Release|Any CPU.Build.0 = Release|Any CPU
		{33018464-87A0-4EE1-A31E-EF90254E4862}.Debug|Any CPU.ActiveCfg = Debug|Any CPU
		{33018464-87A0-4EE1-A31E-EF90254E4862}.Debug|Any CPU.Build.0 = Debug|Any CPU
		{33018464-87A0-4EE1-A31E-EF90254E4862}.Release|Any CPU.ActiveCfg = Release|Any CPU
		{33018464-87A0-4EE1-A31E-EF90254E4862}.Release|Any CPU.Build.0 = Release|Any CPU
	EndGlobalSection
	GlobalSection(SolutionProperties) = preSolution
		HideSolutionNode = FALSE
	EndGlobalSection
	GlobalSection(ExtensibilityGlobals) = postSolution
		SolutionGuid = {D9922FF3-3648-48B5-A90A-EBE03CF26BEB}
	EndGlobalSection
EndGlobal
