
Microsoft Visual Studio Solution File, Format Version 12.00
# Visual Studio Version 17
VisualStudioVersion = 17.4.33122.133
MinimumVisualStudioVersion = 10.0.40219.1
Project("{FAE04EC0-301F-11D3-BF4B-00C04F79EFBC}") = "April26-MVC", "April26-MVC\April26-MVC.csproj", "{A5554A33-ECDC-4694-9240-5490D78A02DC}"
EndProject
Project("{FAE04EC0-301F-11D3-BF4B-00C04F79EFBC}") = "DBProject", "DBProject\DBProject.csproj", "{986D1CE3-13B3-4D1C-9830-69EF6FA1FEB4}"
EndProject
Global
	GlobalSection(SolutionConfigurationPlatforms) = preSolution
		Debug|Any CPU = Debug|Any CPU
		Release|Any CPU = Release|Any CPU
	EndGlobalSection
	GlobalSection(ProjectConfigurationPlatforms) = postSolution
		{A5554A33-ECDC-4694-9240-5490D78A02DC}.Debug|Any CPU.ActiveCfg = Debug|Any CPU
		{A5554A33-ECDC-4694-9240-5490D78A02DC}.Debug|Any CPU.Build.0 = Debug|Any CPU
		{A5554A33-ECDC-4694-9240-5490D78A02DC}.Release|Any CPU.ActiveCfg = Release|Any CPU
		{A5554A33-ECDC-4694-9240-5490D78A02DC}.Release|Any CPU.Build.0 = Release|Any CPU
		{986D1CE3-13B3-4D1C-9830-69EF6FA1FEB4}.Debug|Any CPU.ActiveCfg = Debug|Any CPU
		{986D1CE3-13B3-4D1C-9830-69EF6FA1FEB4}.Debug|Any CPU.Build.0 = Debug|Any CPU
		{986D1CE3-13B3-4D1C-9830-69EF6FA1FEB4}.Release|Any CPU.ActiveCfg = Release|Any CPU
		{986D1CE3-13B3-4D1C-9830-69EF6FA1FEB4}.Release|Any CPU.Build.0 = Release|Any CPU
	EndGlobalSection
	GlobalSection(SolutionProperties) = preSolution
		HideSolutionNode = FALSE
	EndGlobalSection
	GlobalSection(ExtensibilityGlobals) = postSolution
		SolutionGuid = {CC2CFEDF-3725-4B3B-BC00-9F6970779DFF}
	EndGlobalSection
EndGlobal
